{
  "object": {
    "pins": [
      {
        "package": "coniguruma",
        "repositoryURL": "/Users/erickpc/Sources/swift/coniguruma",
        "state": {
          "branch": null,
          "revision": "cc3fc91a9b18a996ac82f06f4026efa8381cca33",
          "version": "0.0.12"
        }
      }
    ]
  },
  "version": 1
}
